
Microsoft Visual Studio Solution File, Format Version 12.00
# Visual Studio 2012
Project("{FAE04EC0-301F-11D3-BF4B-00C04F79EFBC}") = "ApplicationPortfolio.Mvc", "ApplicationPortfolio.Mvc\ApplicationPortfolio.Mvc.csproj", "{A6686076-78E2-4226-A538-A99516BA2CB5}"
EndProject
Project("{FAE04EC0-301F-11D3-BF4B-00C04F79EFBC}") = "ApplicationPortfolio.Mvc.Tests", "ApplicationPortfolio.Mvc.Tests\ApplicationPortfolio.Mvc.Tests.csproj", "{B899F355-33EB-48C3-ABA6-19723796592E}"
EndProject
Project("{FAE04EC0-301F-11D3-BF4B-00C04F79EFBC}") = "ApplicationPortfolio.Domain", "ApplicationPortfolio.Domain\ApplicationPortfolio.Domain.csproj", "{8E6D95C0-9E7D-47C0-BE2C-9F0FEECC24F2}"
EndProject
Project("{2150E333-8FDC-42A3-9474-1A3956D46DE8}") = "SQL Scripts", "SQL Scripts", "{0839FBE5-E8FD-4DC8-9826-EFDBC870B91F}"
	ProjectSection(SolutionItems) = preProject
		BaseFullDatabaseScript.sql = BaseFullDatabaseScript.sql
	EndProjectSection
EndProject
Project("{2150E333-8FDC-42A3-9474-1A3956D46DE8}") = "Solution Items", "Solution Items", "{3BD97A69-75C4-483B-87F0-6002E6CEE5CB}"
	ProjectSection(SolutionItems) = preProject
		Readme.txt = Readme.txt
	EndProjectSection
EndProject
Global
	GlobalSection(SolutionConfigurationPlatforms) = preSolution
		Debug|Any CPU = Debug|Any CPU
		Release|Any CPU = Release|Any CPU
	EndGlobalSection
	GlobalSection(ProjectConfigurationPlatforms) = postSolution
		{A6686076-78E2-4226-A538-A99516BA2CB5}.Debug|Any CPU.ActiveCfg = Debug|Any CPU
		{A6686076-78E2-4226-A538-A99516BA2CB5}.Debug|Any CPU.Build.0 = Debug|Any CPU
		{A6686076-78E2-4226-A538-A99516BA2CB5}.Release|Any CPU.ActiveCfg = Release|Any CPU
		{A6686076-78E2-4226-A538-A99516BA2CB5}.Release|Any CPU.Build.0 = Release|Any CPU
		{B899F355-33EB-48C3-ABA6-19723796592E}.Debug|Any CPU.ActiveCfg = Debug|Any CPU
		{B899F355-33EB-48C3-ABA6-19723796592E}.Debug|Any CPU.Build.0 = Debug|Any CPU
		{B899F355-33EB-48C3-ABA6-19723796592E}.Release|Any CPU.ActiveCfg = Release|Any CPU
		{B899F355-33EB-48C3-ABA6-19723796592E}.Release|Any CPU.Build.0 = Release|Any CPU
		{8E6D95C0-9E7D-47C0-BE2C-9F0FEECC24F2}.Debug|Any CPU.ActiveCfg = Debug|Any CPU
		{8E6D95C0-9E7D-47C0-BE2C-9F0FEECC24F2}.Debug|Any CPU.Build.0 = Debug|Any CPU
		{8E6D95C0-9E7D-47C0-BE2C-9F0FEECC24F2}.Release|Any CPU.ActiveCfg = Release|Any CPU
		{8E6D95C0-9E7D-47C0-BE2C-9F0FEECC24F2}.Release|Any CPU.Build.0 = Release|Any CPU
	EndGlobalSection
	GlobalSection(SolutionProperties) = preSolution
		HideSolutionNode = FALSE
	EndGlobalSection
EndGlobal
